
Microsoft Visual Studio Solution File, Format Version 11.00
# Visual Studio 2010
Project("{FAE04EC0-301F-11D3-BF4B-00C04F79EFBC}") = "pathcod", "Assembly-CSharp.csproj", "{F4FA24F7-0899-C429-3DE1-E02C2BF0AAA5}"
EndProject
Project("{FAE04EC0-301F-11D3-BF4B-00C04F79EFBC}") = "pathcod", "Assembly-CSharp-Editor.csproj", "{568852E7-450A-FFD6-EE50-3D2B519C0BEE}"
EndProject
Global
	GlobalSection(SolutionConfigurationPlatforms) = preSolution
		Debug|Any CPU = Debug|Any CPU
		Release|Any CPU = Release|Any CPU
	EndGlobalSection
	GlobalSection(ProjectConfigurationPlatforms) = postSolution
		{F4FA24F7-0899-C429-3DE1-E02C2BF0AAA5}.Debug|Any CPU.ActiveCfg = Debug|Any CPU
		{F4FA24F7-0899-C429-3DE1-E02C2BF0AAA5}.Debug|Any CPU.Build.0 = Debug|Any CPU
		{F4FA24F7-0899-C429-3DE1-E02C2BF0AAA5}.Release|Any CPU.ActiveCfg = Release|Any CPU
		{F4FA24F7-0899-C429-3DE1-E02C2BF0AAA5}.Release|Any CPU.Build.0 = Release|Any CPU
		{568852E7-450A-FFD6-EE50-3D2B519C0BEE}.Debug|Any CPU.ActiveCfg = Debug|Any CPU
		{568852E7-450A-FFD6-EE50-3D2B519C0BEE}.Debug|Any CPU.Build.0 = Debug|Any CPU
		{568852E7-450A-FFD6-EE50-3D2B519C0BEE}.Release|Any CPU.ActiveCfg = Release|Any CPU
		{568852E7-450A-FFD6-EE50-3D2B519C0BEE}.Release|Any CPU.Build.0 = Release|Any CPU
	EndGlobalSection
	GlobalSection(SolutionProperties) = preSolution
		HideSolutionNode = FALSE
	EndGlobalSection
	GlobalSection(MonoDevelopProperties) = preSolution
		StartupItem = Assembly-CSharp.csproj
	EndGlobalSection
EndGlobal
